
Microsoft Visual Studio Solution File, Format Version 12.00
# Visual Studio Version 17
VisualStudioVersion = 17.6.33815.320
MinimumVisualStudioVersion = 10.0.40219.1
Project("{FAE04EC0-301F-11D3-BF4B-00C04F79EFBC}") = "Hornet", "Hornet\Hornet.csproj", "{104D2E9C-DF57-484F-8784-5AF0016B5794}"
EndProject
Project("{FAE04EC0-301F-11D3-BF4B-00C04F79EFBC}") = "DataAccess", "DataAccess\DataAccess.csproj", "{7C293FD2-19CB-4FBB-A9E7-31118C1566BC}"
EndProject
Global
	GlobalSection(SolutionConfigurationPlatforms) = preSolution
		Debug|Any CPU = Debug|Any CPU
		Release|Any CPU = Release|Any CPU
	EndGlobalSection
	GlobalSection(ProjectConfigurationPlatforms) = postSolution
		{104D2E9C-DF57-484F-8784-5AF0016B5794}.Debug|Any CPU.ActiveCfg = Debug|Any CPU
		{104D2E9C-DF57-484F-8784-5AF0016B5794}.Debug|Any CPU.Build.0 = Debug|Any CPU
		{104D2E9C-DF57-484F-8784-5AF0016B5794}.Release|Any CPU.ActiveCfg = Release|Any CPU
		{104D2E9C-DF57-484F-8784-5AF0016B5794}.Release|Any CPU.Build.0 = Release|Any CPU
		{7C293FD2-19CB-4FBB-A9E7-31118C1566BC}.Debug|Any CPU.ActiveCfg = Debug|Any CPU
		{7C293FD2-19CB-4FBB-A9E7-31118C1566BC}.Debug|Any CPU.Build.0 = Debug|Any CPU
		{7C293FD2-19CB-4FBB-A9E7-31118C1566BC}.Release|Any CPU.ActiveCfg = Release|Any CPU
		{7C293FD2-19CB-4FBB-A9E7-31118C1566BC}.Release|Any CPU.Build.0 = Release|Any CPU
	EndGlobalSection
	GlobalSection(SolutionProperties) = preSolution
		HideSolutionNode = FALSE
	EndGlobalSection
	GlobalSection(ExtensibilityGlobals) = postSolution
		SolutionGuid = {62050F15-C1C7-4460-A863-E64644974ABD}
	EndGlobalSection
EndGlobal
